{
  "requires": true,
  "lockfileVersion": 1,
  "dependencies": {
    "vue-cli-plugin-fontawesome": {
      "version": "0.3.1",
      "resolved": "https://registry.npmjs.org/vue-cli-plugin-fontawesome/-/vue-cli-plugin-fontawesome-0.3.1.tgz",
      "integrity": "sha512-JXh4p2MgCvqBvZzmYDFJeLnwSBgpcWBptWokTz9WYiI3Ioj6zK2iIJZmm9leYJIJva7Zsq+5I+ZZJZhHghGo+Q==",
      "dev": true
    }
  }
}
